// !$*UTF8*$!
{
	archiveVersion = 1;
	classes = {
	};
	objectVersion = 51;
	objects = {

/* Begin PBXBuildFile section */
		183B32F826315C7100A72D0B /* AppDelegate.m in Sources */ = {isa = PBXBuildFile; fileRef = 183B32F726315C7100A72D0B /* AppDelegate.m */; };
		183B32FB26315C7100A72D0B /* SceneDelegate.m in Sources */ = {isa = PBXBuildFile; fileRef = 183B32FA26315C7100A72D0B /* SceneDelegate.m */; };
		183B32FE26315C7100A72D0B /* ViewController.m in Sources */ = {isa = PBXBuildFile; fileRef = 183B32FD26315C7100A72D0B /* ViewController.m */; };
		183B330126315C7100A72D0B /* Main.storyboard in Resources */ = {isa = PBXBuildFile; fileRef = 183B32FF26315C7100A72D0B /* Main.storyboard */; };
		183B330326315C7300A72D0B /* Assets.xcassets in Resources */ = {isa = PBXBuildFile; fileRef = 183B330226315C7300A72D0B /* Assets.xcassets */; };
		183B330626315C7300A72D0B /* LaunchScreen.storyboard in Resources */ = {isa = PBXBuildFile; fileRef = 183B330426315C7300A72D0B /* LaunchScreen.storyboard */; };
		183B330926315C7300A72D0B /* main.m in Sources */ = {isa = PBXBuildFile; fileRef = 183B330826315C7300A72D0B /* main.m */; };
		183B331F26315C8200A72D0B /* ATLoadingSimpleConfig.m in Sources */ = {isa = PBXBuildFile; fileRef = 183B331126315C8200A72D0B /* ATLoadingSimpleConfig.m */; };
		183B332126315C8200A72D0B /* ATLoadingSimpleView.m in Sources */ = {isa = PBXBuildFile; fileRef = 183B331426315C8200A72D0B /* ATLoadingSimpleView.m */; };
		183B332426315C8200A72D0B /* ATLoadingView.m in Sources */ = {isa = PBXBuildFile; fileRef = 183B331C26315C8200A72D0B /* ATLoadingView.m */; };
		18A3EDB92632B04600335AA0 /* ATViewConfig.m in Sources */ = {isa = PBXBuildFile; fileRef = 18A3EDB82632B04400335AA0 /* ATViewConfig.m */; };
		18A3EDBD2632B2E600335AA0 /* UIView+ATViewExtension.m in Sources */ = {isa = PBXBuildFile; fileRef = 18A3EDBC2632B2E600335AA0 /* UIView+ATViewExtension.m */; };
		18A3EDC22632B41900335AA0 /* ATViewLoadingConfig.m in Sources */ = {isa = PBXBuildFile; fileRef = 18A3EDC12632B41900335AA0 /* ATViewLoadingConfig.m */; };
		18A3EDD02632C12500335AA0 /* ATViewObject.m in Sources */ = {isa = PBXBuildFile; fileRef = 18A3EDCF2632C12500335AA0 /* ATViewObject.m */; };
		18A3F3E32632DA1F00335AA0 /* ATLoadingView.bundle in Resources */ = {isa = PBXBuildFile; fileRef = 18A3F3E22632DA1F00335AA0 /* ATLoadingView.bundle */; };
		C6A1DFCA4D843A05BA4DE4F4 /* libPods-ATLoadingView.a in Frameworks */ = {isa = PBXBuildFile; fileRef = 94FDE8AA0C2CEC54C164BD82 /* libPods-ATLoadingView.a */; };
/* End PBXBuildFile section */

/* Begin PBXFileReference section */
		183B32F326315C7100A72D0B /* ATLoadingView.app */ = {isa = PBXFileReference; explicitFileType = wrapper.application; includeInIndex = 0; path = ATLoadingView.app; sourceTree = BUILT_PRODUCTS_DIR; };
		183B32F626315C7100A72D0B /* AppDelegate.h */ = {isa = PBXFileReference; lastKnownFileType = sourcecode.c.h; path = AppDelegate.h; sourceTree = "<group>"; };
		183B32F726315C7100A72D0B /* AppDelegate.m */ = {isa = PBXFileReference; lastKnownFileType = sourcecode.c.objc; path = AppDelegate.m; sourceTree = "<group>"; };
		183B32F926315C7100A72D0B /* SceneDelegate.h */ = {isa = PBXFileReference; lastKnownFileType = sourcecode.c.h; path = SceneDelegate.h; sourceTree = "<group>"; };
		183B32FA26315C7100A72D0B /* SceneDelegate.m */ = {isa = PBXFileReference; lastKnownFileType = sourcecode.c.objc; path = SceneDelegate.m; sourceTree = "<group>"; };
		183B32FC26315C7100A72D0B /* ViewController.h */ = {isa = PBXFileReference; lastKnownFileType = sourcecode.c.h; path = ViewController.h; sourceTree = "<group>"; };
		183B32FD26315C7100A72D0B /* ViewController.m */ = {isa = PBXFileReference; lastKnownFileType = sourcecode.c.objc; path = ViewController.m; sourceTree = "<group>"; };
		183B330026315C7100A72D0B /* Base */ = {isa = PBXFileReference; lastKnownFileType = file.storyboard; name = Base; path = Base.lproj/Main.storyboard; sourceTree = "<group>"; };
		183B330226315C7300A72D0B /* Assets.xcassets */ = {isa = PBXFileReference; lastKnownFileType = folder.assetcatalog; path = Assets.xcassets; sourceTree = "<group>"; };
		183B330526315C7300A72D0B /* Base */ = {isa = PBXFileReference; lastKnownFileType = file.storyboard; name = Base; path = Base.lproj/LaunchScreen.storyboard; sourceTree = "<group>"; };
		183B330726315C7300A72D0B /* Info.plist */ = {isa = PBXFileReference; lastKnownFileType = text.plist.xml; path = Info.plist; sourceTree = "<group>"; };
		183B330826315C7300A72D0B /* main.m */ = {isa = PBXFileReference; lastKnownFileType = sourcecode.c.objc; path = main.m; sourceTree = "<group>"; };
		183B331126315C8200A72D0B /* ATLoadingSimpleConfig.m */ = {isa = PBXFileReference; fileEncoding = 4; lastKnownFileType = sourcecode.c.objc; path = ATLoadingSimpleConfig.m; sourceTree = "<group>"; };
		183B331426315C8200A72D0B /* ATLoadingSimpleView.m */ = {isa = PBXFileReference; fileEncoding = 4; lastKnownFileType = sourcecode.c.objc; path = ATLoadingSimpleView.m; sourceTree = "<group>"; };
		183B331526315C8200A72D0B /* ATLoadingView.h */ = {isa = PBXFileReference; fileEncoding = 4; lastKnownFileType = sourcecode.c.h; path = ATLoadingView.h; sourceTree = "<group>"; };
		183B331626315C8200A72D0B /* ATViewDefines.h */ = {isa = PBXFileReference; fileEncoding = 4; lastKnownFileType = sourcecode.c.h; path = ATViewDefines.h; sourceTree = "<group>"; };
		183B331A26315C8200A72D0B /* ATLoadingSimpleConfig.h */ = {isa = PBXFileReference; fileEncoding = 4; lastKnownFileType = sourcecode.c.h; path = ATLoadingSimpleConfig.h; sourceTree = "<group>"; };
		183B331B26315C8200A72D0B /* ATLoadingSimpleView.h */ = {isa = PBXFileReference; fileEncoding = 4; lastKnownFileType = sourcecode.c.h; path = ATLoadingSimpleView.h; sourceTree = "<group>"; };
		183B331C26315C8200A72D0B /* ATLoadingView.m */ = {isa = PBXFileReference; fileEncoding = 4; lastKnownFileType = sourcecode.c.objc; path = ATLoadingView.m; sourceTree = "<group>"; };
		18A3EDB72632B04400335AA0 /* ATViewConfig.h */ = {isa = PBXFileReference; lastKnownFileType = sourcecode.c.h; path = ATViewConfig.h; sourceTree = "<group>"; };
		18A3EDB82632B04400335AA0 /* ATViewConfig.m */ = {isa = PBXFileReference; lastKnownFileType = sourcecode.c.objc; path = ATViewConfig.m; sourceTree = "<group>"; };
		18A3EDBB2632B2E600335AA0 /* UIView+ATViewExtension.h */ = {isa = PBXFileReference; lastKnownFileType = sourcecode.c.h; path = "UIView+ATViewExtension.h"; sourceTree = "<group>"; };
		18A3EDBC2632B2E600335AA0 /* UIView+ATViewExtension.m */ = {isa = PBXFileReference; lastKnownFileType = sourcecode.c.objc; path = "UIView+ATViewExtension.m"; sourceTree = "<group>"; };
		18A3EDC02632B41900335AA0 /* ATViewLoadingConfig.h */ = {isa = PBXFileReference; lastKnownFileType = sourcecode.c.h; path = ATViewLoadingConfig.h; sourceTree = "<group>"; };
		18A3EDC12632B41900335AA0 /* ATViewLoadingConfig.m */ = {isa = PBXFileReference; lastKnownFileType = sourcecode.c.objc; path = ATViewLoadingConfig.m; sourceTree = "<group>"; };
		18A3EDCE2632C12500335AA0 /* ATViewObject.h */ = {isa = PBXFileReference; lastKnownFileType = sourcecode.c.h; path = ATViewObject.h; sourceTree = "<group>"; };
		18A3EDCF2632C12500335AA0 /* ATViewObject.m */ = {isa = PBXFileReference; lastKnownFileType = sourcecode.c.objc; path = ATViewObject.m; sourceTree = "<group>"; };
		18A3F3E22632DA1F00335AA0 /* ATLoadingView.bundle */ = {isa = PBXFileReference; lastKnownFileType = "wrapper.plug-in"; path = ATLoadingView.bundle; sourceTree = "<group>"; };
		862A8689C9BCF8ECCB7C4003 /* Pods-ATLoadingView.release.xcconfig */ = {isa = PBXFileReference; includeInIndex = 1; lastKnownFileType = text.xcconfig; name = "Pods-ATLoadingView.release.xcconfig"; path = "Target Support Files/Pods-ATLoadingView/Pods-ATLoadingView.release.xcconfig"; sourceTree = "<group>"; };
		94FDE8AA0C2CEC54C164BD82 /* libPods-ATLoadingView.a */ = {isa = PBXFileReference; explicitFileType = archive.ar; includeInIndex = 0; path = "libPods-ATLoadingView.a"; sourceTree = BUILT_PRODUCTS_DIR; };
		F1BA9338F569EA2714F5BF58 /* Pods-ATLoadingView.debug.xcconfig */ = {isa = PBXFileReference; includeInIndex = 1; lastKnownFileType = text.xcconfig; name = "Pods-ATLoadingView.debug.xcconfig"; path = "Target Support Files/Pods-ATLoadingView/Pods-ATLoadingView.debug.xcconfig"; sourceTree = "<group>"; };
/* End PBXFileReference section */

/* Begin PBXFrameworksBuildPhase section */
		183B32F026315C7100A72D0B /* Frameworks */ = {
			isa = PBXFrameworksBuildPhase;
			buildActionMask = 2147483647;
			files = (
				C6A1DFCA4D843A05BA4DE4F4 /* libPods-ATLoadingView.a in Frameworks */,
			);
			runOnlyForDeploymentPostprocessing = 0;
		};
/* End PBXFrameworksBuildPhase section */

/* Begin PBXGroup section */
		183B32EA26315C7100A72D0B = {
			isa = PBXGroup;
			children = (
				183B331026315C8200A72D0B /* ATLoadingView */,
				183B32F526315C7100A72D0B /* ATLoadingViewDemo */,
				183B32F426315C7100A72D0B /* Products */,
				E685C3169F7DDC225758B580 /* Pods */,
				F73771276F585578D7FD6EE2 /* Frameworks */,
			);
			sourceTree = "<group>";
		};
		183B32F426315C7100A72D0B /* Products */ = {
			isa = PBXGroup;
			children = (
				183B32F326315C7100A72D0B /* ATLoadingView.app */,
			);
			name = Products;
			sourceTree = "<group>";
		};
		183B32F526315C7100A72D0B /* ATLoadingViewDemo */ = {
			isa = PBXGroup;
			children = (
				183B32F626315C7100A72D0B /* AppDelegate.h */,
				183B32F726315C7100A72D0B /* AppDelegate.m */,
				183B32F926315C7100A72D0B /* SceneDelegate.h */,
				183B32FA26315C7100A72D0B /* SceneDelegate.m */,
				183B32FC26315C7100A72D0B /* ViewController.h */,
				183B32FD26315C7100A72D0B /* ViewController.m */,
				183B32FF26315C7100A72D0B /* Main.storyboard */,
				183B330226315C7300A72D0B /* Assets.xcassets */,
				183B330426315C7300A72D0B /* LaunchScreen.storyboard */,
				183B330726315C7300A72D0B /* Info.plist */,
				183B330826315C7300A72D0B /* main.m */,
			);
			path = ATLoadingViewDemo;
			sourceTree = "<group>";
		};
		183B331026315C8200A72D0B /* ATLoadingView */ = {
			isa = PBXGroup;
			children = (
				18A3F3E12632DA1F00335AA0 /* Resources */,
				183B33342631864500A72D0B /* Simple */,
				183B331526315C8200A72D0B /* ATLoadingView.h */,
				183B331C26315C8200A72D0B /* ATLoadingView.m */,
				183B331626315C8200A72D0B /* ATViewDefines.h */,
				18A3EDBB2632B2E600335AA0 /* UIView+ATViewExtension.h */,
				18A3EDBC2632B2E600335AA0 /* UIView+ATViewExtension.m */,
				18A3EDCE2632C12500335AA0 /* ATViewObject.h */,
				18A3EDCF2632C12500335AA0 /* ATViewObject.m */,
				18A3EDB72632B04400335AA0 /* ATViewConfig.h */,
				18A3EDB82632B04400335AA0 /* ATViewConfig.m */,
				18A3EDC02632B41900335AA0 /* ATViewLoadingConfig.h */,
				18A3EDC12632B41900335AA0 /* ATViewLoadingConfig.m */,
			);
			path = ATLoadingView;
			sourceTree = "<group>";
		};
		183B33342631864500A72D0B /* Simple */ = {
			isa = PBXGroup;
			children = (
				183B331A26315C8200A72D0B /* ATLoadingSimpleConfig.h */,
				183B331126315C8200A72D0B /* ATLoadingSimpleConfig.m */,
				183B331B26315C8200A72D0B /* ATLoadingSimpleView.h */,
				183B331426315C8200A72D0B /* ATLoadingSimpleView.m */,
			);
			path = Simple;
			sourceTree = "<group>";
		};
		18A3F3E12632DA1F00335AA0 /* Resources */ = {
			isa = PBXGroup;
			children = (
				18A3F3E22632DA1F00335AA0 /* ATLoadingView.bundle */,
			);
			path = Resources;
			sourceTree = "<group>";
		};
		E685C3169F7DDC225758B580 /* Pods */ = {
			isa = PBXGroup;
			children = (
				F1BA9338F569EA2714F5BF58 /* Pods-ATLoadingView.debug.xcconfig */,
				862A8689C9BCF8ECCB7C4003 /* Pods-ATLoadingView.release.xcconfig */,
			);
			path = Pods;
			sourceTree = "<group>";
		};
		F73771276F585578D7FD6EE2 /* Frameworks */ = {
			isa = PBXGroup;
			children = (
				94FDE8AA0C2CEC54C164BD82 /* libPods-ATLoadingView.a */,
			);
			name = Frameworks;
			sourceTree = "<group>";
		};
/* End PBXGroup section */

/* Begin PBXNativeTarget section */
		183B32F226315C7100A72D0B /* ATLoadingView */ = {
			isa = PBXNativeTarget;
			buildConfigurationList = 183B330C26315C7300A72D0B /* Build configuration list for PBXNativeTarget "ATLoadingView" */;
			buildPhases = (
				FCC1AAD56B9B6C2C5165B13F /* [CP] Check Pods Manifest.lock */,
				183B32EF26315C7100A72D0B /* Sources */,
				183B32F026315C7100A72D0B /* Frameworks */,
				183B32F126315C7100A72D0B /* Resources */,
				98338F99617755A5020AA78D /* [CP] Copy Pods Resources */,
			);
			buildRules = (
			);
			dependencies = (
			);
			name = ATLoadingView;
			productName = ATLoadingView;
			productReference = 183B32F326315C7100A72D0B /* ATLoadingView.app */;
			productType = "com.apple.product-type.application";
		};
/* End PBXNativeTarget section */

/* Begin PBXProject section */
		183B32EB26315C7100A72D0B /* Project object */ = {
			isa = PBXProject;
			attributes = {
				LastUpgradeCheck = 1240;
				TargetAttributes = {
					183B32F226315C7100A72D0B = {
						CreatedOnToolsVersion = 12.4;
					};
				};
			};
			buildConfigurationList = 183B32EE26315C7100A72D0B /* Build configuration list for PBXProject "ATLoadingView" */;
			compatibilityVersion = "Xcode 9.3";
			developmentRegion = en;
			hasScannedForEncodings = 0;
			knownRegions = (
				en,
				Base,
			);
			mainGroup = 183B32EA26315C7100A72D0B;
			productRefGroup = 183B32F426315C7100A72D0B /* Products */;
			projectDirPath = "";
			projectRoot = "";
			targets = (
				183B32F226315C7100A72D0B /* ATLoadingView */,
			);
		};
/* End PBXProject section */

/* Begin PBXResourcesBuildPhase section */
		183B32F126315C7100A72D0B /* Resources */ = {
			isa = PBXResourcesBuildPhase;
			buildActionMask = 2147483647;
			files = (
				183B330626315C7300A72D0B /* LaunchScreen.storyboard in Resources */,
				183B330326315C7300A72D0B /* Assets.xcassets in Resources */,
				18A3F3E32632DA1F00335AA0 /* ATLoadingView.bundle in Resources */,
				183B330126315C7100A72D0B /* Main.storyboard in Resources */,
			);
			runOnlyForDeploymentPostprocessing = 0;
		};
/* End PBXResourcesBuildPhase section */

/* Begin PBXShellScriptBuildPhase section */
		98338F99617755A5020AA78D /* [CP] Copy Pods Resources */ = {
			isa = PBXShellScriptBuildPhase;
			buildActionMask = 2147483647;
			files = (
			);
			inputFileListPaths = (
				"${PODS_ROOT}/Target Support Files/Pods-ATLoadingView/Pods-ATLoadingView-resources-${CONFIGURATION}-input-files.xcfilelist",
			);
			name = "[CP] Copy Pods Resources";
			outputFileListPaths = (
				"${PODS_ROOT}/Target Support Files/Pods-ATLoadingView/Pods-ATLoadingView-resources-${CONFIGURATION}-output-files.xcfilelist",
			);
			runOnlyForDeploymentPostprocessing = 0;
			shellPath = /bin/sh;
			shellScript = "\"${PODS_ROOT}/Target Support Files/Pods-ATLoadingView/Pods-ATLoadingView-resources.sh\"\n";
			showEnvVarsInLog = 0;
		};
		FCC1AAD56B9B6C2C5165B13F /* [CP] Check Pods Manifest.lock */ = {
			isa = PBXShellScriptBuildPhase;
			buildActionMask = 2147483647;
			files = (
			);
			inputFileListPaths = (
			);
			inputPaths = (
				"${PODS_PODFILE_DIR_PATH}/Podfile.lock",
				"${PODS_ROOT}/Manifest.lock",
			);
			name = "[CP] Check Pods Manifest.lock";
			outputFileListPaths = (
			);
			outputPaths = (
				"$(DERIVED_FILE_DIR)/Pods-ATLoadingView-checkManifestLockResult.txt",
			);
			runOnlyForDeploymentPostprocessing = 0;
			shellPath = /bin/sh;
			shellScript = "diff \"${PODS_PODFILE_DIR_PATH}/Podfile.lock\" \"${PODS_ROOT}/Manifest.lock\" > /dev/null\nif [ $? != 0 ] ; then\n    # print error to STDERR\n    echo \"error: The sandbox is not in sync with the Podfile.lock. Run 'pod install' or update your CocoaPods installation.\" >&2\n    exit 1\nfi\n# This output is used by Xcode 'outputs' to avoid re-running this script phase.\necho \"SUCCESS\" > \"${SCRIPT_OUTPUT_FILE_0}\"\n";
			showEnvVarsInLog = 0;
		};
/* End PBXShellScriptBuildPhase section */

/* Begin PBXSourcesBuildPhase section */
		183B32EF26315C7100A72D0B /* Sources */ = {
			isa = PBXSourcesBuildPhase;
			buildActionMask = 2147483647;
			files = (
				18A3EDC22632B41900335AA0 /* ATViewLoadingConfig.m in Sources */,
				183B32FE26315C7100A72D0B /* ViewController.m in Sources */,
				18A3EDBD2632B2E600335AA0 /* UIView+ATViewExtension.m in Sources */,
				183B332126315C8200A72D0B /* ATLoadingSimpleView.m in Sources */,
				183B332426315C8200A72D0B /* ATLoadingView.m in Sources */,
				183B331F26315C8200A72D0B /* ATLoadingSimpleConfig.m in Sources */,
				18A3EDD02632C12500335AA0 /* ATViewObject.m in Sources */,
				18A3EDB92632B04600335AA0 /* ATViewConfig.m in Sources */,
				183B32F826315C7100A72D0B /* AppDelegate.m in Sources */,
				183B330926315C7300A72D0B /* main.m in Sources */,
				183B32FB26315C7100A72D0B /* SceneDelegate.m in Sources */,
			);
			runOnlyForDeploymentPostprocessing = 0;
		};
/* End PBXSourcesBuildPhase section */

/* Begin PBXVariantGroup section */
		183B32FF26315C7100A72D0B /* Main.storyboard */ = {
			isa = PBXVariantGroup;
			children = (
				183B330026315C7100A72D0B /* Base */,
			);
			name = Main.storyboard;
			sourceTree = "<group>";
		};
		183B330426315C7300A72D0B /* LaunchScreen.storyboard */ = {
			isa = PBXVariantGroup;
			children = (
				183B330526315C7300A72D0B /* Base */,
			);
			name = LaunchScreen.storyboard;
			sourceTree = "<group>";
		};
/* End PBXVariantGroup section */

/* Begin XCBuildConfiguration section */
		183B330A26315C7300A72D0B /* Debug */ = {
			isa = XCBuildConfiguration;
			buildSettings = {
				ALWAYS_SEARCH_USER_PATHS = NO;
				CLANG_ANALYZER_NONNULL = YES;
				CLANG_ANALYZER_NUMBER_OBJECT_CONVERSION = YES_AGGRESSIVE;
				CLANG_CXX_LANGUAGE_STANDARD = "gnu++14";
				CLANG_CXX_LIBRARY = "libc++";
				CLANG_ENABLE_MODULES = YES;
				CLANG_ENABLE_OBJC_ARC = YES;
				CLANG_ENABLE_OBJC_WEAK = YES;
				CLANG_WARN_BLOCK_CAPTURE_AUTORELEASING = YES;
				CLANG_WARN_BOOL_CONVERSION = YES;
				CLANG_WARN_COMMA = YES;
				CLANG_WARN_CONSTANT_CONVERSION = YES;
				CLANG_WARN_DEPRECATED_OBJC_IMPLEMENTATIONS = YES;
				CLANG_WARN_DIRECT_OBJC_ISA_USAGE = YES_ERROR;
				CLANG_WARN_DOCUMENTATION_COMMENTS = YES;
				CLANG_WARN_EMPTY_BODY = YES;
				CLANG_WARN_ENUM_CONVERSION = YES;
				CLANG_WARN_INFINITE_RECURSION = YES;
				CLANG_WARN_INT_CONVERSION = YES;
				CLANG_WARN_NON_LITERAL_NULL_CONVERSION = YES;
				CLANG_WARN_OBJC_IMPLICIT_RETAIN_SELF = YES;
				CLANG_WARN_OBJC_LITERAL_CONVERSION = YES;
				CLANG_WARN_OBJC_ROOT_CLASS = YES_ERROR;
				CLANG_WARN_QUOTED_INCLUDE_IN_FRAMEWORK_HEADER = YES;
				CLANG_WARN_RANGE_LOOP_ANALYSIS = YES;
				CLANG_WARN_STRICT_PROTOTYPES = YES;
				CLANG_WARN_SUSPICIOUS_MOVE = YES;
				CLANG_WARN_UNGUARDED_AVAILABILITY = YES_AGGRESSIVE;
				CLANG_WARN_UNREACHABLE_CODE = YES;
				CLANG_WARN__DUPLICATE_METHOD_MATCH = YES;
				COPY_PHASE_STRIP = NO;
				DEBUG_INFORMATION_FORMAT = dwarf;
				ENABLE_STRICT_OBJC_MSGSEND = YES;
				ENABLE_TESTABILITY = YES;
				GCC_C_LANGUAGE_STANDARD = gnu11;
				GCC_DYNAMIC_NO_PIC = NO;
				GCC_NO_COMMON_BLOCKS = YES;
				GCC_OPTIMIZATION_LEVEL = 0;
				GCC_PREPROCESSOR_DEFINITIONS = (
					"DEBUG=1",
					"$(inherited)",
				);
				GCC_WARN_64_TO_32_BIT_CONVERSION = YES;
				GCC_WARN_ABOUT_RETURN_TYPE = YES_ERROR;
				GCC_WARN_UNDECLARED_SELECTOR = YES;
				GCC_WARN_UNINITIALIZED_AUTOS = YES_AGGRESSIVE;
				GCC_WARN_UNUSED_FUNCTION = YES;
				GCC_WARN_UNUSED_VARIABLE = YES;
				IPHONEOS_DEPLOYMENT_TARGET = 14.4;
				MTL_ENABLE_DEBUG_INFO = INCLUDE_SOURCE;
				MTL_FAST_MATH = YES;
				ONLY_ACTIVE_ARCH = YES;
				SDKROOT = iphoneos;
			};
			name = Debug;
		};
		183B330B26315C7300A72D0B /* Release */ = {
			isa = XCBuildConfiguration;
			buildSettings = {
				ALWAYS_SEARCH_USER_PATHS = NO;
				CLANG_ANALYZER_NONNULL = YES;
				CLANG_ANALYZER_NUMBER_OBJECT_CONVERSION = YES_AGGRESSIVE;
				CLANG_CXX_LANGUAGE_STANDARD = "gnu++14";
				CLANG_CXX_LIBRARY = "libc++";
				CLANG_ENABLE_MODULES = YES;
				CLANG_ENABLE_OBJC_ARC = YES;
				CLANG_ENABLE_OBJC_WEAK = YES;
				CLANG_WARN_BLOCK_CAPTURE_AUTORELEASING = YES;
				CLANG_WARN_BOOL_CONVERSION = YES;
				CLANG_WARN_COMMA = YES;
				CLANG_WARN_CONSTANT_CONVERSION = YES;
				CLANG_WARN_DEPRECATED_OBJC_IMPLEMENTATIONS = YES;
				CLANG_WARN_DIRECT_OBJC_ISA_USAGE = YES_ERROR;
				CLANG_WARN_DOCUMENTATION_COMMENTS = YES;
				CLANG_WARN_EMPTY_BODY = YES;
				CLANG_WARN_ENUM_CONVERSION = YES;
				CLANG_WARN_INFINITE_RECURSION = YES;
				CLANG_WARN_INT_CONVERSION = YES;
				CLANG_WARN_NON_LITERAL_NULL_CONVERSION = YES;
				CLANG_WARN_OBJC_IMPLICIT_RETAIN_SELF = YES;
				CLANG_WARN_OBJC_LITERAL_CONVERSION = YES;
				CLANG_WARN_OBJC_ROOT_CLASS = YES_ERROR;
				CLANG_WARN_QUOTED_INCLUDE_IN_FRAMEWORK_HEADER = YES;
				CLANG_WARN_RANGE_LOOP_ANALYSIS = YES;
				CLANG_WARN_STRICT_PROTOTYPES = YES;
				CLANG_WARN_SUSPICIOUS_MOVE = YES;
				CLANG_WARN_UNGUARDED_AVAILABILITY = YES_AGGRESSIVE;
				CLANG_WARN_UNREACHABLE_CODE = YES;
				CLANG_WARN__DUPLICATE_METHOD_MATCH = YES;
				COPY_PHASE_STRIP = NO;
				DEBUG_INFORMATION_FORMAT = "dwarf-with-dsym";
				ENABLE_NS_ASSERTIONS = NO;
				ENABLE_STRICT_OBJC_MSGSEND = YES;
				GCC_C_LANGUAGE_STANDARD = gnu11;
				GCC_NO_COMMON_BLOCKS = YES;
				GCC_WARN_64_TO_32_BIT_CONVERSION = YES;
				GCC_WARN_ABOUT_RETURN_TYPE = YES_ERROR;
				GCC_WARN_UNDECLARED_SELECTOR = YES;
				GCC_WARN_UNINITIALIZED_AUTOS = YES_AGGRESSIVE;
				GCC_WARN_UNUSED_FUNCTION = YES;
				GCC_WARN_UNUSED_VARIABLE = YES;
				IPHONEOS_DEPLOYMENT_TARGET = 14.4;
				MTL_ENABLE_DEBUG_INFO = NO;
				MTL_FAST_MATH = YES;
				SDKROOT = iphoneos;
				VALIDATE_PRODUCT = YES;
			};
			name = Release;
		};
		183B330D26315C7300A72D0B /* Debug */ = {
			isa = XCBuildConfiguration;
			baseConfigurationReference = F1BA9338F569EA2714F5BF58 /* Pods-ATLoadingView.debug.xcconfig */;
			buildSettings = {
				ASSETCATALOG_COMPILER_APPICON_NAME = AppIcon;
				ASSETCATALOG_COMPILER_GLOBAL_ACCENT_COLOR_NAME = AccentColor;
				CODE_SIGN_STYLE = Automatic;
				DEVELOPMENT_TEAM = X77K95YFU8;
				INFOPLIST_FILE = ATLoadingViewDemo/Info.plist;
				IPHONEOS_DEPLOYMENT_TARGET = 13.0;
				LD_RUNPATH_SEARCH_PATHS = (
					"$(inherited)",
					"@executable_path/Frameworks",
				);
				PRODUCT_BUNDLE_IDENTIFIER = com.brownlee.Demo2;
				PRODUCT_NAME = "$(TARGET_NAME)";
				TARGETED_DEVICE_FAMILY = "1,2";
			};
			name = Debug;
		};
		183B330E26315C7300A72D0B /* Release */ = {
			isa = XCBuildConfiguration;
			baseConfigurationReference = 862A8689C9BCF8ECCB7C4003 /* Pods-ATLoadingView.release.xcconfig */;
			buildSettings = {
				ASSETCATALOG_COMPILER_APPICON_NAME = AppIcon;
				ASSETCATALOG_COMPILER_GLOBAL_ACCENT_COLOR_NAME = AccentColor;
				CODE_SIGN_STYLE = Automatic;
				DEVELOPMENT_TEAM = X77K95YFU8;
				INFOPLIST_FILE = ATLoadingViewDemo/Info.plist;
				IPHONEOS_DEPLOYMENT_TARGET = 13.0;
				LD_RUNPATH_SEARCH_PATHS = (
					"$(inherited)",
					"@executable_path/Frameworks",
				);
				PRODUCT_BUNDLE_IDENTIFIER = com.brownlee.Demo2;
				PRODUCT_NAME = "$(TARGET_NAME)";
				TARGETED_DEVICE_FAMILY = "1,2";
			};
			name = Release;
		};
/* End XCBuildConfiguration section */

/* Begin XCConfigurationList section */
		183B32EE26315C7100A72D0B /* Build configuration list for PBXProject "ATLoadingView" */ = {
			isa = XCConfigurationList;
			buildConfigurations = (
				183B330A26315C7300A72D0B /* Debug */,
				183B330B26315C7300A72D0B /* Release */,
			);
			defaultConfigurationIsVisible = 0;
			defaultConfigurationName = Release;
		};
		183B330C26315C7300A72D0B /* Build configuration list for PBXNativeTarget "ATLoadingView" */ = {
			isa = XCConfigurationList;
			buildConfigurations = (
				183B330D26315C7300A72D0B /* Debug */,
				183B330E26315C7300A72D0B /* Release */,
			);
			defaultConfigurationIsVisible = 0;
			defaultConfigurationName = Release;
		};
/* End XCConfigurationList section */
	};
	rootObject = 183B32EB26315C7100A72D0B /* Project object */;
}
